
Microsoft Visual Studio Solution File, Format Version 12.00
# Visual Studio Version 16
VisualStudioVersion = 16.0.28803.156
MinimumVisualStudioVersion = 10.0.40219.1
Project("{778DAE3C-4631-46EA-AA77-85C1314464D9}") = "01.VariablesTiposDatos", "01.Variables\01.VariablesTiposDatos.vbproj", "{C3A0D6DB-8C19-47D6-8A45-F4BD16E492C5}"
EndProject
Project("{778DAE3C-4631-46EA-AA77-85C1314464D9}") = "02.Operaciones", "02.Operaciones\02.Operaciones.vbproj", "{264E3DD8-F380-4914-B3F8-7426AA718D52}"
EndProject
Project("{778DAE3C-4631-46EA-AA77-85C1314464D9}") = "03.FuncionesMatematicas", "03.FuncionesMatematicas\03.FuncionesMatematicas.vbproj", "{F96D5245-3FEE-4ED2-9329-6409105222AB}"
EndProject
Project("{F184B08F-C81C-45F6-A57F-5ABD9991F28F}") = "04.FuncionesCadena", "04.FuncionesCadena\04.FuncionesCadena.vbproj", "{C8D5224B-0E2B-4B49-9583-9B42FE433A54}"
EndProject
Project("{778DAE3C-4631-46EA-AA77-85C1314464D9}") = "05.FuncionesFecha", "05.FuncionesFecha\05.FuncionesFecha.vbproj", "{72F561DA-13B2-45A6-A484-257342A2684D}"
EndProject
Project("{778DAE3C-4631-46EA-AA77-85C1314464D9}") = "06.Enumeraciones", "06.Enumeraciones\06.Enumeraciones.vbproj", "{061B8A8C-4C22-4BCE-972B-3ABE83FCEADE}"
EndProject
Project("{778DAE3C-4631-46EA-AA77-85C1314464D9}") = "07.Procedimientos", "07.Procedimientos\07.Procedimientos.vbproj", "{3F56FC3E-FE74-4958-A156-8D43ABDFC43C}"
EndProject
Project("{778DAE3C-4631-46EA-AA77-85C1314464D9}") = "08.EstructurasSelectivas", "08.EstructurasSelectivas\08.EstructurasSelectivas.vbproj", "{0AFD76E8-5E9E-4A3D-BBC1-2E9AC33621AE}"
EndProject
Project("{778DAE3C-4631-46EA-AA77-85C1314464D9}") = "09.EstructurasRepetitivas", "09.EstructurasRepetitivas\09.EstructurasRepetitivas.vbproj", "{4C0B9A46-F1B8-489C-9863-1CA6388CD1DD}"
EndProject
Project("{F184B08F-C81C-45F6-A57F-5ABD9991F28F}") = "10.Vectores", "10.Vectores\10.Vectores.vbproj", "{4EDB05DE-4C54-4C41-94A9-E3BCF8DACCC5}"
EndProject
Global
	GlobalSection(SolutionConfigurationPlatforms) = preSolution
		Debug|Any CPU = Debug|Any CPU
		Release|Any CPU = Release|Any CPU
	EndGlobalSection
	GlobalSection(ProjectConfigurationPlatforms) = postSolution
		{C3A0D6DB-8C19-47D6-8A45-F4BD16E492C5}.Debug|Any CPU.ActiveCfg = Debug|Any CPU
		{C3A0D6DB-8C19-47D6-8A45-F4BD16E492C5}.Debug|Any CPU.Build.0 = Debug|Any CPU
		{C3A0D6DB-8C19-47D6-8A45-F4BD16E492C5}.Release|Any CPU.ActiveCfg = Release|Any CPU
		{C3A0D6DB-8C19-47D6-8A45-F4BD16E492C5}.Release|Any CPU.Build.0 = Release|Any CPU
		{264E3DD8-F380-4914-B3F8-7426AA718D52}.Debug|Any CPU.ActiveCfg = Debug|Any CPU
		{264E3DD8-F380-4914-B3F8-7426AA718D52}.Debug|Any CPU.Build.0 = Debug|Any CPU
		{264E3DD8-F380-4914-B3F8-7426AA718D52}.Release|Any CPU.ActiveCfg = Release|Any CPU
		{264E3DD8-F380-4914-B3F8-7426AA718D52}.Release|Any CPU.Build.0 = Release|Any CPU
		{F96D5245-3FEE-4ED2-9329-6409105222AB}.Debug|Any CPU.ActiveCfg = Debug|Any CPU
		{F96D5245-3FEE-4ED2-9329-6409105222AB}.Debug|Any CPU.Build.0 = Debug|Any CPU
		{F96D5245-3FEE-4ED2-9329-6409105222AB}.Release|Any CPU.ActiveCfg = Release|Any CPU
		{F96D5245-3FEE-4ED2-9329-6409105222AB}.Release|Any CPU.Build.0 = Release|Any CPU
		{C8D5224B-0E2B-4B49-9583-9B42FE433A54}.Debug|Any CPU.ActiveCfg = Debug|Any CPU
		{C8D5224B-0E2B-4B49-9583-9B42FE433A54}.Debug|Any CPU.Build.0 = Debug|Any CPU
		{C8D5224B-0E2B-4B49-9583-9B42FE433A54}.Release|Any CPU.ActiveCfg = Release|Any CPU
		{C8D5224B-0E2B-4B49-9583-9B42FE433A54}.Release|Any CPU.Build.0 = Release|Any CPU
		{72F561DA-13B2-45A6-A484-257342A2684D}.Debug|Any CPU.ActiveCfg = Debug|Any CPU
		{72F561DA-13B2-45A6-A484-257342A2684D}.Debug|Any CPU.Build.0 = Debug|Any CPU
		{72F561DA-13B2-45A6-A484-257342A2684D}.Release|Any CPU.ActiveCfg = Release|Any CPU
		{72F561DA-13B2-45A6-A484-257342A2684D}.Release|Any CPU.Build.0 = Release|Any CPU
		{061B8A8C-4C22-4BCE-972B-3ABE83FCEADE}.Debug|Any CPU.ActiveCfg = Debug|Any CPU
		{061B8A8C-4C22-4BCE-972B-3ABE83FCEADE}.Debug|Any CPU.Build.0 = Debug|Any CPU
		{061B8A8C-4C22-4BCE-972B-3ABE83FCEADE}.Release|Any CPU.ActiveCfg = Release|Any CPU
		{061B8A8C-4C22-4BCE-972B-3ABE83FCEADE}.Release|Any CPU.Build.0 = Release|Any CPU
		{3F56FC3E-FE74-4958-A156-8D43ABDFC43C}.Debug|Any CPU.ActiveCfg = Debug|Any CPU
		{3F56FC3E-FE74-4958-A156-8D43ABDFC43C}.Debug|Any CPU.Build.0 = Debug|Any CPU
		{3F56FC3E-FE74-4958-A156-8D43ABDFC43C}.Release|Any CPU.ActiveCfg = Release|Any CPU
		{3F56FC3E-FE74-4958-A156-8D43ABDFC43C}.Release|Any CPU.Build.0 = Release|Any CPU
		{0AFD76E8-5E9E-4A3D-BBC1-2E9AC33621AE}.Debug|Any CPU.ActiveCfg = Debug|Any CPU
		{0AFD76E8-5E9E-4A3D-BBC1-2E9AC33621AE}.Debug|Any CPU.Build.0 = Debug|Any CPU
		{0AFD76E8-5E9E-4A3D-BBC1-2E9AC33621AE}.Release|Any CPU.ActiveCfg = Release|Any CPU
		{0AFD76E8-5E9E-4A3D-BBC1-2E9AC33621AE}.Release|Any CPU.Build.0 = Release|Any CPU
		{4C0B9A46-F1B8-489C-9863-1CA6388CD1DD}.Debug|Any CPU.ActiveCfg = Debug|Any CPU
		{4C0B9A46-F1B8-489C-9863-1CA6388CD1DD}.Debug|Any CPU.Build.0 = Debug|Any CPU
		{4C0B9A46-F1B8-489C-9863-1CA6388CD1DD}.Release|Any CPU.ActiveCfg = Release|Any CPU
		{4C0B9A46-F1B8-489C-9863-1CA6388CD1DD}.Release|Any CPU.Build.0 = Release|Any CPU
		{4EDB05DE-4C54-4C41-94A9-E3BCF8DACCC5}.Debug|Any CPU.ActiveCfg = Debug|Any CPU
		{4EDB05DE-4C54-4C41-94A9-E3BCF8DACCC5}.Debug|Any CPU.Build.0 = Debug|Any CPU
		{4EDB05DE-4C54-4C41-94A9-E3BCF8DACCC5}.Release|Any CPU.ActiveCfg = Release|Any CPU
		{4EDB05DE-4C54-4C41-94A9-E3BCF8DACCC5}.Release|Any CPU.Build.0 = Release|Any CPU
	EndGlobalSection
	GlobalSection(SolutionProperties) = preSolution
		HideSolutionNode = FALSE
	EndGlobalSection
	GlobalSection(ExtensibilityGlobals) = postSolution
		SolutionGuid = {96915485-0C68-4371-9926-0629B7831E8C}
	EndGlobalSection
EndGlobal
